
Microsoft Visual Studio Solution File, Format Version 12.00
# Visual Studio Version 17
VisualStudioVersion = 17.5.33516.290
MinimumVisualStudioVersion = 10.0.40219.1
Project("{FAE04EC0-301F-11D3-BF4B-00C04F79EFBC}") = "WebApplication3", "WebApplication3\WebApplication3.csproj", "{8D3BDF28-8768-4828-9FE9-C1E5B8F77258}"
EndProject
Global
	GlobalSection(SolutionConfigurationPlatforms) = preSolution
		Debug|Any CPU = Debug|Any CPU
		Release|Any CPU = Release|Any CPU
	EndGlobalSection
	GlobalSection(ProjectConfigurationPlatforms) = postSolution
		{8D3BDF28-8768-4828-9FE9-C1E5B8F77258}.Debug|Any CPU.ActiveCfg = Debug|Any CPU
		{8D3BDF28-8768-4828-9FE9-C1E5B8F77258}.Debug|Any CPU.Build.0 = Debug|Any CPU
		{8D3BDF28-8768-4828-9FE9-C1E5B8F77258}.Release|Any CPU.ActiveCfg = Release|Any CPU
		{8D3BDF28-8768-4828-9FE9-C1E5B8F77258}.Release|Any CPU.Build.0 = Release|Any CPU
	EndGlobalSection
	GlobalSection(SolutionProperties) = preSolution
		HideSolutionNode = FALSE
	EndGlobalSection
	GlobalSection(ExtensibilityGlobals) = postSolution
		SolutionGuid = {09508503-0770-4D0F-85A4-8452166C8D68}
	EndGlobalSection
EndGlobal
